{
  "version": 4,
  "terraform_version": "1.14.3",
  "serial": 8,
  "lineage": "b791ab3c-c3b7-c321-64b9-46d9c28f0d26",
  "outputs": {
    "github_url": {
      "value": "https://github.com/https://github.com/AnugulaSharathKumar/Bilvanties_Task-3.git",
      "type": "string"
    },
    "instance_name": {
      "value": "private-runner-instance",
      "type": "string"
    },
    "zone": {
      "value": "us-central1-a",
      "type": "string"
    }
  },
  "resources": [
    {
      "mode": "managed",
      "type": "google_compute_firewall",
      "name": "allow_ssh",
      "provider": "provider[\"registry.terraform.io/hashicorp/google\"]",
      "instances": [
        {
          "schema_version": 1,
          "attributes": {
            "allow": [
              {
                "ports": [
                  "22"
                ],
                "protocol": "tcp"
              }
            ],
            "creation_timestamp": "2026-01-05T20:46:26.335-08:00",
            "deny": [],
            "description": "",
            "destination_ranges": [],
            "direction": "INGRESS",
            "disabled": false,
            "enable_logging": null,
            "id": "projects/my-learning-terraform-482905/global/firewalls/runner-allow-ssh",
            "log_config": [],
            "name": "runner-allow-ssh",
            "network": "https://www.googleapis.com/compute/v1/projects/my-learning-terraform-482905/global/networks/runner-net",
            "priority": 1000,
            "project": "my-learning-terraform-482905",
            "self_link": "https://www.googleapis.com/compute/v1/projects/my-learning-terraform-482905/global/firewalls/runner-allow-ssh",
            "source_ranges": [
              "0.0.0.0/0"
            ],
            "source_service_accounts": [],
            "source_tags": [],
            "target_service_accounts": [],
            "target_tags": [],
            "timeouts": null
          },
          "sensitive_attributes": [],
          "identity_schema_version": 0,
          "private": "eyJlMmJmYjczMC1lY2FhLTExZTYtOGY4OC0zNDM2M2JjN2M0YzAiOnsiY3JlYXRlIjoxMjAwMDAwMDAwMDAwLCJkZWxldGUiOjEyMDAwMDAwMDAwMDAsInVwZGF0ZSI6MTIwMDAwMDAwMDAwMH0sInNjaGVtYV92ZXJzaW9uIjoiMSJ9",
          "dependencies": [
            "google_compute_network.runner_net"
          ]
        }
      ]
    },
    {
      "mode": "managed",
      "type": "google_compute_instance",
      "name": "runner",
      "provider": "provider[\"registry.terraform.io/hashicorp/google\"]",
      "instances": [
        {
          "schema_version": 6,
          "attributes": {
            "advanced_machine_features": [],
            "allow_stopping_for_update": null,
            "attached_disk": [],
            "boot_disk": [
              {
                "auto_delete": true,
                "device_name": "persistent-disk-0",
                "disk_encryption_key_raw": "",
                "disk_encryption_key_sha256": "",
                "initialize_params": [
                  {
                    "enable_confidential_compute": false,
                    "image": "https://www.googleapis.com/compute/v1/projects/ubuntu-os-cloud/global/images/ubuntu-2204-jammy-v20251218",
                    "labels": {},
                    "provisioned_iops": 0,
                    "provisioned_throughput": 0,
                    "resource_manager_tags": null,
                    "size": 10,
                    "storage_pool": "",
                    "type": "pd-standard"
                  }
                ],
                "kms_key_self_link": "",
                "mode": "READ_WRITE",
                "source": "https://www.googleapis.com/compute/v1/projects/my-learning-terraform-482905/zones/us-central1-a/disks/private-runner-instance"
              }
            ],
            "can_ip_forward": false,
            "confidential_instance_config": [],
            "cpu_platform": "Intel Broadwell",
            "current_status": "RUNNING",
            "deletion_protection": false,
            "description": "",
            "desired_status": null,
            "effective_labels": {},
            "enable_display": false,
            "guest_accelerator": [],
            "hostname": "",
            "id": "projects/my-learning-terraform-482905/zones/us-central1-a/instances/private-runner-instance",
            "instance_id": "5924646490129640186",
            "label_fingerprint": "42WmSpB8rSM=",
            "labels": null,
            "machine_type": "e2-micro",
            "metadata": {
              "github_url": "https://github.com/AnugulaSharathKumar/Bilvanties_Task-3.git",
              "runner_token": "will-be-overwritten-by-pipeline"
            },
            "metadata_fingerprint": "pmEfdyVZuS0=",
            "metadata_startup_script": "#!/bin/bash\nset -euo pipefail\n\nRUNNER_VERSION=\"2.317.0\"\nRUNNER_DIR=\"/opt/actions-runner\"\nLABELS=\"private,ubuntu,linux,gcp\"\n\napt-get update -y\napt-get install -y curl tar jq git\n\nmkdir -p \"$RUNNER_DIR\"\ncd \"$RUNNER_DIR\"\n\nif [ ! -f \"./run.sh\" ]; then\n  curl -L -o actions-runner.tar.gz \\\n    \"https://github.com/actions/runner/releases/download/v${RUNNER_VERSION}/actions-runner-linux-x64-${RUNNER_VERSION}.tar.gz\"\n  tar xzf actions-runner.tar.gz\nfi\n\nMETA=\"http://metadata.google.internal/computeMetadata/v1/instance/attributes\"\nHDR=\"Metadata-Flavor: Google\"\n\nGITHUB_URL=\"$(curl -fsS -H \"$HDR\" \"${META}/github_url\")\"\nRUNNER_TOKEN=\"$(curl -fsS -H \"$HDR\" \"${META}/runner_token\")\"\n\nRUNNER_NAME=\"runner-$(hostname)-$(date +%s)\"\n\n# Configure as ephemeral (auto-unregisters after job)\n./config.sh \\\n  --url \"${GITHUB_URL}\" \\\n  --token \"${RUNNER_TOKEN}\" \\\n  --name \"${RUNNER_NAME}\" \\\n  --labels \"${LABELS}\" \\\n  --unattended \\\n  --ephemeral\n\n# Run exactly one job, then exit\n./run.sh || true\n\n# Shutdown the VM after job completes\nshutdown -h now\n",
            "min_cpu_platform": "",
            "name": "private-runner-instance",
            "network_interface": [
              {
                "access_config": [
                  {
                    "nat_ip": "136.119.13.183",
                    "network_tier": "PREMIUM",
                    "public_ptr_domain_name": ""
                  }
                ],
                "alias_ip_range": [],
                "internal_ipv6_prefix_length": 0,
                "ipv6_access_config": [],
                "ipv6_access_type": "",
                "ipv6_address": "",
                "name": "nic0",
                "network": "https://www.googleapis.com/compute/v1/projects/my-learning-terraform-482905/global/networks/runner-net",
                "network_ip": "10.10.0.2",
                "nic_type": "",
                "queue_count": 0,
                "stack_type": "IPV4_ONLY",
                "subnetwork": "https://www.googleapis.com/compute/v1/projects/my-learning-terraform-482905/regions/us-central1/subnetworks/runner-subnet",
                "subnetwork_project": "my-learning-terraform-482905"
              }
            ],
            "network_performance_config": [],
            "params": [],
            "project": "my-learning-terraform-482905",
            "reservation_affinity": [],
            "resource_policies": null,
            "scheduling": [
              {
                "automatic_restart": false,
                "instance_termination_action": "",
                "local_ssd_recovery_timeout": [],
                "max_run_duration": [],
                "min_node_cpus": 0,
                "node_affinities": [],
                "on_host_maintenance": "MIGRATE",
                "on_instance_stop_action": [],
                "preemptible": false,
                "provisioning_model": "STANDARD"
              }
            ],
            "scratch_disk": [],
            "self_link": "https://www.googleapis.com/compute/v1/projects/my-learning-terraform-482905/zones/us-central1-a/instances/private-runner-instance",
            "service_account": [],
            "shielded_instance_config": [
              {
                "enable_integrity_monitoring": true,
                "enable_secure_boot": false,
                "enable_vtpm": true
              }
            ],
            "tags": [
              "runner"
            ],
            "tags_fingerprint": "0-309o6XDSM=",
            "terraform_labels": {},
            "timeouts": null,
            "zone": "us-central1-a"
          },
          "sensitive_attributes": [
            [
              {
                "type": "get_attr",
                "value": "boot_disk"
              },
              {
                "type": "index",
                "value": {
                  "value": 0,
                  "type": "number"
                }
              },
              {
                "type": "get_attr",
                "value": "disk_encryption_key_raw"
              }
            ]
          ],
          "identity_schema_version": 0,
          "private": "eyJlMmJmYjczMC1lY2FhLTExZTYtOGY4OC0zNDM2M2JjN2M0YzAiOnsiY3JlYXRlIjoxMjAwMDAwMDAwMDAwLCJkZWxldGUiOjEyMDAwMDAwMDAwMDAsInVwZGF0ZSI6MTIwMDAwMDAwMDAwMH0sInNjaGVtYV92ZXJzaW9uIjoiNiJ9",
          "dependencies": [
            "google_compute_network.runner_net",
            "google_compute_subnetwork.runner_subnet"
          ]
        }
      ]
    },
    {
      "mode": "managed",
      "type": "google_compute_network",
      "name": "runner_net",
      "provider": "provider[\"registry.terraform.io/hashicorp/google\"]",
      "instances": [
        {
          "schema_version": 0,
          "attributes": {
            "auto_create_subnetworks": false,
            "delete_default_routes_on_create": false,
            "description": "",
            "enable_ula_internal_ipv6": false,
            "gateway_ipv4": "",
            "id": "projects/my-learning-terraform-482905/global/networks/runner-net",
            "internal_ipv6_range": "",
            "mtu": 0,
            "name": "runner-net",
            "network_firewall_policy_enforcement_order": "AFTER_CLASSIC_FIREWALL",
            "numeric_id": "6554979107421105529",
            "project": "my-learning-terraform-482905",
            "routing_mode": "REGIONAL",
            "self_link": "https://www.googleapis.com/compute/v1/projects/my-learning-terraform-482905/global/networks/runner-net",
            "timeouts": null
          },
          "sensitive_attributes": [],
          "identity_schema_version": 0,
          "private": "eyJlMmJmYjczMC1lY2FhLTExZTYtOGY4OC0zNDM2M2JjN2M0YzAiOnsiY3JlYXRlIjoxMjAwMDAwMDAwMDAwLCJkZWxldGUiOjEyMDAwMDAwMDAwMDAsInVwZGF0ZSI6MTIwMDAwMDAwMDAwMH19"
        }
      ]
    },
    {
      "mode": "managed",
      "type": "google_compute_subnetwork",
      "name": "runner_subnet",
      "provider": "provider[\"registry.terraform.io/hashicorp/google\"]",
      "instances": [
        {
          "schema_version": 0,
          "attributes": {
            "creation_timestamp": "2026-01-05T20:46:27.358-08:00",
            "description": "",
            "external_ipv6_prefix": "",
            "fingerprint": null,
            "gateway_address": "10.10.0.1",
            "id": "projects/my-learning-terraform-482905/regions/us-central1/subnetworks/runner-subnet",
            "internal_ipv6_prefix": "",
            "ip_cidr_range": "10.10.0.0/24",
            "ipv6_access_type": "",
            "ipv6_cidr_range": "",
            "log_config": [],
            "name": "runner-subnet",
            "network": "https://www.googleapis.com/compute/v1/projects/my-learning-terraform-482905/global/networks/runner-net",
            "private_ip_google_access": false,
            "private_ipv6_google_access": "DISABLE_GOOGLE_ACCESS",
            "project": "my-learning-terraform-482905",
            "purpose": "PRIVATE",
            "region": "us-central1",
            "role": "",
            "secondary_ip_range": [],
            "self_link": "https://www.googleapis.com/compute/v1/projects/my-learning-terraform-482905/regions/us-central1/subnetworks/runner-subnet",
            "send_secondary_ip_range_if_empty": null,
            "stack_type": "IPV4_ONLY",
            "timeouts": null
          },
          "sensitive_attributes": [],
          "identity_schema_version": 0,
          "private": "eyJlMmJmYjczMC1lY2FhLTExZTYtOGY4OC0zNDM2M2JjN2M0YzAiOnsiY3JlYXRlIjoxMjAwMDAwMDAwMDAwLCJkZWxldGUiOjEyMDAwMDAwMDAwMDAsInVwZGF0ZSI6MTIwMDAwMDAwMDAwMH19",
          "dependencies": [
            "google_compute_network.runner_net"
          ]
        }
      ]
    }
  ],
  "check_results": null
}
